// !$*UTF8*$!
{
	archiveVersion = 1;
	classes = {
	};
	objectVersion = 50;
	objects = {

/* Begin PBXBuildFile section */
		A362C30B226D58E700D88EC7 /* AppDelegate.swift in Sources */ = {isa = PBXBuildFile; fileRef = A362C30A226D58E700D88EC7 /* AppDelegate.swift */; };
		A362C30D226D58E700D88EC7 /* ViewController.swift in Sources */ = {isa = PBXBuildFile; fileRef = A362C30C226D58E700D88EC7 /* ViewController.swift */; };
		A362C310226D58E700D88EC7 /* Main.storyboard in Resources */ = {isa = PBXBuildFile; fileRef = A362C30E226D58E700D88EC7 /* Main.storyboard */; };
		A362C312226D58E800D88EC7 /* Assets.xcassets in Resources */ = {isa = PBXBuildFile; fileRef = A362C311226D58E800D88EC7 /* Assets.xcassets */; };
		A362C315226D58E800D88EC7 /* LaunchScreen.storyboard in Resources */ = {isa = PBXBuildFile; fileRef = A362C313226D58E800D88EC7 /* LaunchScreen.storyboard */; };
		A362C31D226D5D3D00D88EC7 /* NetworkManager.swift in Sources */ = {isa = PBXBuildFile; fileRef = A362C31C226D5D3D00D88EC7 /* NetworkManager.swift */; };
		A362C31F226D5F2000D88EC7 /* Response.swift in Sources */ = {isa = PBXBuildFile; fileRef = A362C31E226D5F2000D88EC7 /* Response.swift */; };
		A362C322226D760F00D88EC7 /* Request.swift in Sources */ = {isa = PBXBuildFile; fileRef = A362C321226D760F00D88EC7 /* Request.swift */; };
		A362C324226D7DF700D88EC7 /* API.swift in Sources */ = {isa = PBXBuildFile; fileRef = A362C323226D7DF700D88EC7 /* API.swift */; };
		A362C326226DA00700D88EC7 /* RequestProtocol.swift in Sources */ = {isa = PBXBuildFile; fileRef = A362C325226DA00700D88EC7 /* RequestProtocol.swift */; };
		A362C328226DA1E000D88EC7 /* ResponseResult.swift in Sources */ = {isa = PBXBuildFile; fileRef = A362C327226DA1E000D88EC7 /* ResponseResult.swift */; };
		A362C32A226DA4A600D88EC7 /* BookResponse.swift in Sources */ = {isa = PBXBuildFile; fileRef = A362C329226DA4A600D88EC7 /* BookResponse.swift */; };
		C849917CBE0B3A9DEDA45E34 /* Pods_NetworkDemo.framework in Frameworks */ = {isa = PBXBuildFile; fileRef = 290633BF64F533CF9EEA713F /* Pods_NetworkDemo.framework */; };
/* End PBXBuildFile section */

/* Begin PBXFileReference section */
		173A6B8EE9DACF6116558FAA /* Pods-NetworkDemo.release.xcconfig */ = {isa = PBXFileReference; includeInIndex = 1; lastKnownFileType = text.xcconfig; name = "Pods-NetworkDemo.release.xcconfig"; path = "Pods/Target Support Files/Pods-NetworkDemo/Pods-NetworkDemo.release.xcconfig"; sourceTree = "<group>"; };
		290633BF64F533CF9EEA713F /* Pods_NetworkDemo.framework */ = {isa = PBXFileReference; explicitFileType = wrapper.framework; includeInIndex = 0; path = Pods_NetworkDemo.framework; sourceTree = BUILT_PRODUCTS_DIR; };
		9E9C0AD9457B192BE0CB68AC /* Pods-NetworkDemo.debug.xcconfig */ = {isa = PBXFileReference; includeInIndex = 1; lastKnownFileType = text.xcconfig; name = "Pods-NetworkDemo.debug.xcconfig"; path = "Pods/Target Support Files/Pods-NetworkDemo/Pods-NetworkDemo.debug.xcconfig"; sourceTree = "<group>"; };
		A362C307226D58E700D88EC7 /* NetworkDemo.app */ = {isa = PBXFileReference; explicitFileType = wrapper.application; includeInIndex = 0; path = NetworkDemo.app; sourceTree = BUILT_PRODUCTS_DIR; };
		A362C30A226D58E700D88EC7 /* AppDelegate.swift */ = {isa = PBXFileReference; lastKnownFileType = sourcecode.swift; path = AppDelegate.swift; sourceTree = "<group>"; };
		A362C30C226D58E700D88EC7 /* ViewController.swift */ = {isa = PBXFileReference; lastKnownFileType = sourcecode.swift; path = ViewController.swift; sourceTree = "<group>"; };
		A362C30F226D58E700D88EC7 /* Base */ = {isa = PBXFileReference; lastKnownFileType = file.storyboard; name = Base; path = Base.lproj/Main.storyboard; sourceTree = "<group>"; };
		A362C311226D58E800D88EC7 /* Assets.xcassets */ = {isa = PBXFileReference; lastKnownFileType = folder.assetcatalog; path = Assets.xcassets; sourceTree = "<group>"; };
		A362C314226D58E800D88EC7 /* Base */ = {isa = PBXFileReference; lastKnownFileType = file.storyboard; name = Base; path = Base.lproj/LaunchScreen.storyboard; sourceTree = "<group>"; };
		A362C316226D58E800D88EC7 /* Info.plist */ = {isa = PBXFileReference; lastKnownFileType = text.plist.xml; path = Info.plist; sourceTree = "<group>"; };
		A362C31C226D5D3D00D88EC7 /* NetworkManager.swift */ = {isa = PBXFileReference; lastKnownFileType = sourcecode.swift; path = NetworkManager.swift; sourceTree = "<group>"; };
		A362C31E226D5F2000D88EC7 /* Response.swift */ = {isa = PBXFileReference; lastKnownFileType = sourcecode.swift; path = Response.swift; sourceTree = "<group>"; };
		A362C321226D760F00D88EC7 /* Request.swift */ = {isa = PBXFileReference; lastKnownFileType = sourcecode.swift; path = Request.swift; sourceTree = "<group>"; };
		A362C323226D7DF700D88EC7 /* API.swift */ = {isa = PBXFileReference; lastKnownFileType = sourcecode.swift; path = API.swift; sourceTree = "<group>"; };
		A362C325226DA00700D88EC7 /* RequestProtocol.swift */ = {isa = PBXFileReference; lastKnownFileType = sourcecode.swift; path = RequestProtocol.swift; sourceTree = "<group>"; };
		A362C327226DA1E000D88EC7 /* ResponseResult.swift */ = {isa = PBXFileReference; lastKnownFileType = sourcecode.swift; path = ResponseResult.swift; sourceTree = "<group>"; };
		A362C329226DA4A600D88EC7 /* BookResponse.swift */ = {isa = PBXFileReference; lastKnownFileType = sourcecode.swift; path = BookResponse.swift; sourceTree = "<group>"; };
/* End PBXFileReference section */

/* Begin PBXFrameworksBuildPhase section */
		A362C304226D58E700D88EC7 /* Frameworks */ = {
			isa = PBXFrameworksBuildPhase;
			buildActionMask = 2147483647;
			files = (
				C849917CBE0B3A9DEDA45E34 /* Pods_NetworkDemo.framework in Frameworks */,
			);
			runOnlyForDeploymentPostprocessing = 0;
		};
/* End PBXFrameworksBuildPhase section */

/* Begin PBXGroup section */
		0534A39597BFF8E5503AC047 /* Frameworks */ = {
			isa = PBXGroup;
			children = (
				290633BF64F533CF9EEA713F /* Pods_NetworkDemo.framework */,
			);
			name = Frameworks;
			sourceTree = "<group>";
		};
		A362C2FE226D58E700D88EC7 = {
			isa = PBXGroup;
			children = (
				A362C309226D58E700D88EC7 /* NetworkDemo */,
				A362C308226D58E700D88EC7 /* Products */,
				CB0E9653CF724975CA8870F9 /* Pods */,
				0534A39597BFF8E5503AC047 /* Frameworks */,
			);
			sourceTree = "<group>";
		};
		A362C308226D58E700D88EC7 /* Products */ = {
			isa = PBXGroup;
			children = (
				A362C307226D58E700D88EC7 /* NetworkDemo.app */,
			);
			name = Products;
			sourceTree = "<group>";
		};
		A362C309226D58E700D88EC7 /* NetworkDemo */ = {
			isa = PBXGroup;
			children = (
				A362C320226D75FB00D88EC7 /* Network */,
				A362C30A226D58E700D88EC7 /* AppDelegate.swift */,
				A362C329226DA4A600D88EC7 /* BookResponse.swift */,
				A362C30C226D58E700D88EC7 /* ViewController.swift */,
				A362C30E226D58E700D88EC7 /* Main.storyboard */,
				A362C311226D58E800D88EC7 /* Assets.xcassets */,
				A362C313226D58E800D88EC7 /* LaunchScreen.storyboard */,
				A362C316226D58E800D88EC7 /* Info.plist */,
			);
			path = NetworkDemo;
			sourceTree = "<group>";
		};
		A362C320226D75FB00D88EC7 /* Network */ = {
			isa = PBXGroup;
			children = (
				A362C31C226D5D3D00D88EC7 /* NetworkManager.swift */,
				A362C31E226D5F2000D88EC7 /* Response.swift */,
				A362C321226D760F00D88EC7 /* Request.swift */,
				A362C323226D7DF700D88EC7 /* API.swift */,
				A362C327226DA1E000D88EC7 /* ResponseResult.swift */,
				A362C325226DA00700D88EC7 /* RequestProtocol.swift */,
			);
			path = Network;
			sourceTree = "<group>";
		};
		CB0E9653CF724975CA8870F9 /* Pods */ = {
			isa = PBXGroup;
			children = (
				9E9C0AD9457B192BE0CB68AC /* Pods-NetworkDemo.debug.xcconfig */,
				173A6B8EE9DACF6116558FAA /* Pods-NetworkDemo.release.xcconfig */,
			);
			name = Pods;
			sourceTree = "<group>";
		};
/* End PBXGroup section */

/* Begin PBXNativeTarget section */
		A362C306226D58E700D88EC7 /* NetworkDemo */ = {
			isa = PBXNativeTarget;
			buildConfigurationList = A362C319226D58E800D88EC7 /* Build configuration list for PBXNativeTarget "NetworkDemo" */;
			buildPhases = (
				360166DEFE1D7CCC5792A994 /* [CP] Check Pods Manifest.lock */,
				A362C303226D58E700D88EC7 /* Sources */,
				A362C304226D58E700D88EC7 /* Frameworks */,
				A362C305226D58E700D88EC7 /* Resources */,
				AD5B85060613BCB545D53889 /* [CP] Embed Pods Frameworks */,
			);
			buildRules = (
			);
			dependencies = (
			);
			name = NetworkDemo;
			productName = NetworkDemo;
			productReference = A362C307226D58E700D88EC7 /* NetworkDemo.app */;
			productType = "com.apple.product-type.application";
		};
/* End PBXNativeTarget section */

/* Begin PBXProject section */
		A362C2FF226D58E700D88EC7 /* Project object */ = {
			isa = PBXProject;
			attributes = {
				LastSwiftUpdateCheck = 1020;
				LastUpgradeCheck = 1020;
				ORGANIZATIONNAME = AriSwift;
				TargetAttributes = {
					A362C306226D58E700D88EC7 = {
						CreatedOnToolsVersion = 10.2.1;
					};
				};
			};
			buildConfigurationList = A362C302226D58E700D88EC7 /* Build configuration list for PBXProject "NetworkDemo" */;
			compatibilityVersion = "Xcode 9.3";
			developmentRegion = en;
			hasScannedForEncodings = 0;
			knownRegions = (
				en,
				Base,
			);
			mainGroup = A362C2FE226D58E700D88EC7;
			productRefGroup = A362C308226D58E700D88EC7 /* Products */;
			projectDirPath = "";
			projectRoot = "";
			targets = (
				A362C306226D58E700D88EC7 /* NetworkDemo */,
			);
		};
/* End PBXProject section */

/* Begin PBXResourcesBuildPhase section */
		A362C305226D58E700D88EC7 /* Resources */ = {
			isa = PBXResourcesBuildPhase;
			buildActionMask = 2147483647;
			files = (
				A362C315226D58E800D88EC7 /* LaunchScreen.storyboard in Resources */,
				A362C312226D58E800D88EC7 /* Assets.xcassets in Resources */,
				A362C310226D58E700D88EC7 /* Main.storyboard in Resources */,
			);
			runOnlyForDeploymentPostprocessing = 0;
		};
/* End PBXResourcesBuildPhase section */

/* Begin PBXShellScriptBuildPhase section */
		360166DEFE1D7CCC5792A994 /* [CP] Check Pods Manifest.lock */ = {
			isa = PBXShellScriptBuildPhase;
			buildActionMask = 2147483647;
			files = (
			);
			inputFileListPaths = (
			);
			inputPaths = (
				"${PODS_PODFILE_DIR_PATH}/Podfile.lock",
				"${PODS_ROOT}/Manifest.lock",
			);
			name = "[CP] Check Pods Manifest.lock";
			outputFileListPaths = (
			);
			outputPaths = (
				"$(DERIVED_FILE_DIR)/Pods-NetworkDemo-checkManifestLockResult.txt",
			);
			runOnlyForDeploymentPostprocessing = 0;
			shellPath = /bin/sh;
			shellScript = "diff \"${PODS_PODFILE_DIR_PATH}/Podfile.lock\" \"${PODS_ROOT}/Manifest.lock\" > /dev/null\nif [ $? != 0 ] ; then\n    # print error to STDERR\n    echo \"error: The sandbox is not in sync with the Podfile.lock. Run 'pod install' or update your CocoaPods installation.\" >&2\n    exit 1\nfi\n# This output is used by Xcode 'outputs' to avoid re-running this script phase.\necho \"SUCCESS\" > \"${SCRIPT_OUTPUT_FILE_0}\"\n";
			showEnvVarsInLog = 0;
		};
		AD5B85060613BCB545D53889 /* [CP] Embed Pods Frameworks */ = {
			isa = PBXShellScriptBuildPhase;
			buildActionMask = 2147483647;
			files = (
			);
			inputFileListPaths = (
			);
			inputPaths = (
				"${SRCROOT}/Pods/Target Support Files/Pods-NetworkDemo/Pods-NetworkDemo-frameworks.sh",
				"${BUILT_PRODUCTS_DIR}/Alamofire/Alamofire.framework",
				"${BUILT_PRODUCTS_DIR}/HandyJSON/HandyJSON.framework",
				"${BUILT_PRODUCTS_DIR}/Moya/Moya.framework",
				"${BUILT_PRODUCTS_DIR}/Result/Result.framework",
			);
			name = "[CP] Embed Pods Frameworks";
			outputFileListPaths = (
			);
			outputPaths = (
				"${TARGET_BUILD_DIR}/${FRAMEWORKS_FOLDER_PATH}/Alamofire.framework",
				"${TARGET_BUILD_DIR}/${FRAMEWORKS_FOLDER_PATH}/HandyJSON.framework",
				"${TARGET_BUILD_DIR}/${FRAMEWORKS_FOLDER_PATH}/Moya.framework",
				"${TARGET_BUILD_DIR}/${FRAMEWORKS_FOLDER_PATH}/Result.framework",
			);
			runOnlyForDeploymentPostprocessing = 0;
			shellPath = /bin/sh;
			shellScript = "\"${SRCROOT}/Pods/Target Support Files/Pods-NetworkDemo/Pods-NetworkDemo-frameworks.sh\"\n";
			showEnvVarsInLog = 0;
		};
/* End PBXShellScriptBuildPhase section */

/* Begin PBXSourcesBuildPhase section */
		A362C303226D58E700D88EC7 /* Sources */ = {
			isa = PBXSourcesBuildPhase;
			buildActionMask = 2147483647;
			files = (
				A362C31F226D5F2000D88EC7 /* Response.swift in Sources */,
				A362C31D226D5D3D00D88EC7 /* NetworkManager.swift in Sources */,
				A362C322226D760F00D88EC7 /* Request.swift in Sources */,
				A362C30D226D58E700D88EC7 /* ViewController.swift in Sources */,
				A362C324226D7DF700D88EC7 /* API.swift in Sources */,
				A362C32A226DA4A600D88EC7 /* BookResponse.swift in Sources */,
				A362C328226DA1E000D88EC7 /* ResponseResult.swift in Sources */,
				A362C30B226D58E700D88EC7 /* AppDelegate.swift in Sources */,
				A362C326226DA00700D88EC7 /* RequestProtocol.swift in Sources */,
			);
			runOnlyForDeploymentPostprocessing = 0;
		};
/* End PBXSourcesBuildPhase section */

/* Begin PBXVariantGroup section */
		A362C30E226D58E700D88EC7 /* Main.storyboard */ = {
			isa = PBXVariantGroup;
			children = (
				A362C30F226D58E700D88EC7 /* Base */,
			);
			name = Main.storyboard;
			sourceTree = "<group>";
		};
		A362C313226D58E800D88EC7 /* LaunchScreen.storyboard */ = {
			isa = PBXVariantGroup;
			children = (
				A362C314226D58E800D88EC7 /* Base */,
			);
			name = LaunchScreen.storyboard;
			sourceTree = "<group>";
		};
/* End PBXVariantGroup section */

/* Begin XCBuildConfiguration section */
		A362C317226D58E800D88EC7 /* Debug */ = {
			isa = XCBuildConfiguration;
			buildSettings = {
				ALWAYS_SEARCH_USER_PATHS = NO;
				CLANG_ANALYZER_NONNULL = YES;
				CLANG_ANALYZER_NUMBER_OBJECT_CONVERSION = YES_AGGRESSIVE;
				CLANG_CXX_LANGUAGE_STANDARD = "gnu++14";
				CLANG_CXX_LIBRARY = "libc++";
				CLANG_ENABLE_MODULES = YES;
				CLANG_ENABLE_OBJC_ARC = YES;
				CLANG_ENABLE_OBJC_WEAK = YES;
				CLANG_WARN_BLOCK_CAPTURE_AUTORELEASING = YES;
				CLANG_WARN_BOOL_CONVERSION = YES;
				CLANG_WARN_COMMA = YES;
				CLANG_WARN_CONSTANT_CONVERSION = YES;
				CLANG_WARN_DEPRECATED_OBJC_IMPLEMENTATIONS = YES;
				CLANG_WARN_DIRECT_OBJC_ISA_USAGE = YES_ERROR;
				CLANG_WARN_DOCUMENTATION_COMMENTS = YES;
				CLANG_WARN_EMPTY_BODY = YES;
				CLANG_WARN_ENUM_CONVERSION = YES;
				CLANG_WARN_INFINITE_RECURSION = YES;
				CLANG_WARN_INT_CONVERSION = YES;
				CLANG_WARN_NON_LITERAL_NULL_CONVERSION = YES;
				CLANG_WARN_OBJC_IMPLICIT_RETAIN_SELF = YES;
				CLANG_WARN_OBJC_LITERAL_CONVERSION = YES;
				CLANG_WARN_OBJC_ROOT_CLASS = YES_ERROR;
				CLANG_WARN_RANGE_LOOP_ANALYSIS = YES;
				CLANG_WARN_STRICT_PROTOTYPES = YES;
				CLANG_WARN_SUSPICIOUS_MOVE = YES;
				CLANG_WARN_UNGUARDED_AVAILABILITY = YES_AGGRESSIVE;
				CLANG_WARN_UNREACHABLE_CODE = YES;
				CLANG_WARN__DUPLICATE_METHOD_MATCH = YES;
				CODE_SIGN_IDENTITY = "iPhone Developer";
				COPY_PHASE_STRIP = NO;
				DEBUG_INFORMATION_FORMAT = dwarf;
				ENABLE_STRICT_OBJC_MSGSEND = YES;
				ENABLE_TESTABILITY = YES;
				GCC_C_LANGUAGE_STANDARD = gnu11;
				GCC_DYNAMIC_NO_PIC = NO;
				GCC_NO_COMMON_BLOCKS = YES;
				GCC_OPTIMIZATION_LEVEL = 0;
				GCC_PREPROCESSOR_DEFINITIONS = (
					"DEBUG=1",
					"$(inherited)",
				);
				GCC_WARN_64_TO_32_BIT_CONVERSION = YES;
				GCC_WARN_ABOUT_RETURN_TYPE = YES_ERROR;
				GCC_WARN_UNDECLARED_SELECTOR = YES;
				GCC_WARN_UNINITIALIZED_AUTOS = YES_AGGRESSIVE;
				GCC_WARN_UNUSED_FUNCTION = YES;
				GCC_WARN_UNUSED_VARIABLE = YES;
				IPHONEOS_DEPLOYMENT_TARGET = 12.2;
				MTL_ENABLE_DEBUG_INFO = INCLUDE_SOURCE;
				MTL_FAST_MATH = YES;
				ONLY_ACTIVE_ARCH = YES;
				SDKROOT = iphoneos;
				SWIFT_ACTIVE_COMPILATION_CONDITIONS = DEBUG;
				SWIFT_OPTIMIZATION_LEVEL = "-Onone";
			};
			name = Debug;
		};
		A362C318226D58E800D88EC7 /* Release */ = {
			isa = XCBuildConfiguration;
			buildSettings = {
				ALWAYS_SEARCH_USER_PATHS = NO;
				CLANG_ANALYZER_NONNULL = YES;
				CLANG_ANALYZER_NUMBER_OBJECT_CONVERSION = YES_AGGRESSIVE;
				CLANG_CXX_LANGUAGE_STANDARD = "gnu++14";
				CLANG_CXX_LIBRARY = "libc++";
				CLANG_ENABLE_MODULES = YES;
				CLANG_ENABLE_OBJC_ARC = YES;
				CLANG_ENABLE_OBJC_WEAK = YES;
				CLANG_WARN_BLOCK_CAPTURE_AUTORELEASING = YES;
				CLANG_WARN_BOOL_CONVERSION = YES;
				CLANG_WARN_COMMA = YES;
				CLANG_WARN_CONSTANT_CONVERSION = YES;
				CLANG_WARN_DEPRECATED_OBJC_IMPLEMENTATIONS = YES;
				CLANG_WARN_DIRECT_OBJC_ISA_USAGE = YES_ERROR;
				CLANG_WARN_DOCUMENTATION_COMMENTS = YES;
				CLANG_WARN_EMPTY_BODY = YES;
				CLANG_WARN_ENUM_CONVERSION = YES;
				CLANG_WARN_INFINITE_RECURSION = YES;
				CLANG_WARN_INT_CONVERSION = YES;
				CLANG_WARN_NON_LITERAL_NULL_CONVERSION = YES;
				CLANG_WARN_OBJC_IMPLICIT_RETAIN_SELF = YES;
				CLANG_WARN_OBJC_LITERAL_CONVERSION = YES;
				CLANG_WARN_OBJC_ROOT_CLASS = YES_ERROR;
				CLANG_WARN_RANGE_LOOP_ANALYSIS = YES;
				CLANG_WARN_STRICT_PROTOTYPES = YES;
				CLANG_WARN_SUSPICIOUS_MOVE = YES;
				CLANG_WARN_UNGUARDED_AVAILABILITY = YES_AGGRESSIVE;
				CLANG_WARN_UNREACHABLE_CODE = YES;
				CLANG_WARN__DUPLICATE_METHOD_MATCH = YES;
				CODE_SIGN_IDENTITY = "iPhone Developer";
				COPY_PHASE_STRIP = NO;
				DEBUG_INFORMATION_FORMAT = "dwarf-with-dsym";
				ENABLE_NS_ASSERTIONS = NO;
				ENABLE_STRICT_OBJC_MSGSEND = YES;
				GCC_C_LANGUAGE_STANDARD = gnu11;
				GCC_NO_COMMON_BLOCKS = YES;
				GCC_WARN_64_TO_32_BIT_CONVERSION = YES;
				GCC_WARN_ABOUT_RETURN_TYPE = YES_ERROR;
				GCC_WARN_UNDECLARED_SELECTOR = YES;
				GCC_WARN_UNINITIALIZED_AUTOS = YES_AGGRESSIVE;
				GCC_WARN_UNUSED_FUNCTION = YES;
				GCC_WARN_UNUSED_VARIABLE = YES;
				IPHONEOS_DEPLOYMENT_TARGET = 12.2;
				MTL_ENABLE_DEBUG_INFO = NO;
				MTL_FAST_MATH = YES;
				SDKROOT = iphoneos;
				SWIFT_COMPILATION_MODE = wholemodule;
				SWIFT_OPTIMIZATION_LEVEL = "-O";
				VALIDATE_PRODUCT = YES;
			};
			name = Release;
		};
		A362C31A226D58E800D88EC7 /* Debug */ = {
			isa = XCBuildConfiguration;
			baseConfigurationReference = 9E9C0AD9457B192BE0CB68AC /* Pods-NetworkDemo.debug.xcconfig */;
			buildSettings = {
				ASSETCATALOG_COMPILER_APPICON_NAME = AppIcon;
				CODE_SIGN_STYLE = Automatic;
				INFOPLIST_FILE = NetworkDemo/Info.plist;
				LD_RUNPATH_SEARCH_PATHS = (
					"$(inherited)",
					"@executable_path/Frameworks",
				);
				PRODUCT_BUNDLE_IDENTIFIER = as.NetworkDemo;
				PRODUCT_NAME = "$(TARGET_NAME)";
				SWIFT_VERSION = 5.0;
				TARGETED_DEVICE_FAMILY = "1,2";
			};
			name = Debug;
		};
		A362C31B226D58E800D88EC7 /* Release */ = {
			isa = XCBuildConfiguration;
			baseConfigurationReference = 173A6B8EE9DACF6116558FAA /* Pods-NetworkDemo.release.xcconfig */;
			buildSettings = {
				ASSETCATALOG_COMPILER_APPICON_NAME = AppIcon;
				CODE_SIGN_STYLE = Automatic;
				INFOPLIST_FILE = NetworkDemo/Info.plist;
				LD_RUNPATH_SEARCH_PATHS = (
					"$(inherited)",
					"@executable_path/Frameworks",
				);
				PRODUCT_BUNDLE_IDENTIFIER = as.NetworkDemo;
				PRODUCT_NAME = "$(TARGET_NAME)";
				SWIFT_VERSION = 5.0;
				TARGETED_DEVICE_FAMILY = "1,2";
			};
			name = Release;
		};
/* End XCBuildConfiguration section */

/* Begin XCConfigurationList section */
		A362C302226D58E700D88EC7 /* Build configuration list for PBXProject "NetworkDemo" */ = {
			isa = XCConfigurationList;
			buildConfigurations = (
				A362C317226D58E800D88EC7 /* Debug */,
				A362C318226D58E800D88EC7 /* Release */,
			);
			defaultConfigurationIsVisible = 0;
			defaultConfigurationName = Release;
		};
		A362C319226D58E800D88EC7 /* Build configuration list for PBXNativeTarget "NetworkDemo" */ = {
			isa = XCConfigurationList;
			buildConfigurations = (
				A362C31A226D58E800D88EC7 /* Debug */,
				A362C31B226D58E800D88EC7 /* Release */,
			);
			defaultConfigurationIsVisible = 0;
			defaultConfigurationName = Release;
		};
/* End XCConfigurationList section */
	};
	rootObject = A362C2FF226D58E700D88EC7 /* Project object */;
}
